version = 1
revision = 3
requires-python = "==3.10.*"

[[package]]
name = "astor"
version = "0.8.1"
source = { registry = "https://pypi.org/simple" }
sdist = { url = "https://files.pythonhosted.org/packages/5a/21/75b771132fee241dfe601d39ade629548a9626d1d39f333fde31bc46febe/astor-0.8.1.tar.gz", hash = "sha256:6a6effda93f4e1ce9f618779b2dd1d9d84f1e32812c23a29b3fff6fd7f63fa5e", size = 35090, upload-time = "2019-12-10T01:50:35.51Z" }
wheels = [
    { url = "https://files.pythonhosted.org/packages/c3/88/97eef84f48fa04fbd6750e62dcceafba6c63c81b7ac1420856c8dcc0a3f9/astor-0.8.1-py2.py3-none-any.whl", hash = "sha256:070a54e890cefb5b3739d19f30f5a5ec840ffc9c50ffa7d23cc9fc1a38ebbfc5", size = 27488, upload-time = "2019-12-10T01:50:33.628Z" },
]

[[package]]
name = "attrs"
version = "26.1.0"
source = { registry = "https://pypi.org/simple" }
sdist = { url = "https://files.pythonhosted.org/packages/9a/8e/82a0fe20a541c03148528be8cac2408564a6c9a0cc7e9171802bc1d26985/attrs-26.1.0.tar.gz", hash = "sha256:d03ceb89cb322a8fd706d4fb91940737b6642aa36998fe130a9bc96c985eff32", size = 952055, upload-time = "2026-03-19T14:22:25.026Z" }
wheels = [
    { url = "https://files.pythonhosted.org/packages/64/b4/17d4b0b2a2dc85a6df63d1157e028ed19f90d4cd97c36717afef2bc2f395/attrs-26.1.0-py3-none-any.whl", hash = "sha256:c647aa4a12dfbad9333ca4e71fe62ddc36f4e63b2d260a37a8b83d2f043ac309", size = 67548, upload-time = "2026-03-19T14:22:23.645Z" },
]

[[package]]
name = "colorama"
version = "0.4.6"
source = { registry = "https://pypi.org/simple" }
sdist = { url = "https://files.pythonhosted.org/packages/d8/53/6f443c9a4a8358a93a6792e2acffb9d9d5cb0a5cfd8802644b7b1c9a02e4/colorama-0.4.6.tar.gz", hash = "sha256:08695f5cb7ed6e0531a20572697297273c47b8cae5a63ffc6d6ed5c201be6e44", size = 27697, upload-time = "2022-10-25T02:36:22.414Z" }
wheels = [
    { url = "https://files.pythonhosted.org/packages/d1/d6/3965ed04c63042e047cb6a3e6ed1a63a35087b6a609aa3a15ed8ac56c221/colorama-0.4.6-py2.py3-none-any.whl", hash = "sha256:4f1d9991f5acc0ca119f9d443620b77f9d6b33703e51011c16baf57afb285fc6", size = 25335, upload-time = "2022-10-25T02:36:20.889Z" },
]

[[package]]
name = "exceptiongroup"
version = "1.3.1"
source = { registry = "https://pypi.org/simple" }
dependencies = [
    { name = "typing-extensions" },
]
sdist = { url = "https://files.pythonhosted.org/packages/50/79/66800aadf48771f6b62f7eb014e352e5d06856655206165d775e675a02c9/exceptiongroup-1.3.1.tar.gz", hash = "sha256:8b412432c6055b0b7d14c310000ae93352ed6754f70fa8f7c34141f91c4e3219", size = 30371, upload-time = "2025-11-21T23:01:54.787Z" }
wheels = [
    { url = "https://files.pythonhosted.org/packages/8a/0e/97c33bf5009bdbac74fd2beace167cab3f978feb69cc36f1ef79360d6c4e/exceptiongroup-1.3.1-py3-none-any.whl", hash = "sha256:a7a39a3bd276781e98394987d3a5701d0c4edffb633bb7a5144577f82c773598", size = 16740, upload-time = "2025-11-21T23:01:53.443Z" },
]

[[package]]
name = "iniconfig"
version = "2.3.0"
source = { registry = "https://pypi.org/simple" }
sdist = { url = "https://files.pythonhosted.org/packages/72/34/14ca021ce8e5dfedc35312d08ba8bf51fdd999c576889fc2c24cb97f4f10/iniconfig-2.3.0.tar.gz", hash = "sha256:c76315c77db068650d49c5b56314774a7804df16fee4402c1f19d6d15d8c4730", size = 20503, upload-time = "2025-10-18T21:55:43.219Z" }
wheels = [
    { url = "https://files.pythonhosted.org/packages/cb/b1/3846dd7f199d53cb17f49cba7e651e9ce294d8497c8c150530ed11865bb8/iniconfig-2.3.0-py3-none-any.whl", hash = "sha256:f631c04d2c48c52b84d0d0549c99ff3859c98df65b3101406327ecc7d53fbf12", size = 7484, upload-time = "2025-10-18T21:55:41.639Z" },
]

[[package]]
name = "llvmlite"
version = "0.47.0"
source = { registry = "https://pypi.org/simple" }
sdist = { url = "https://files.pythonhosted.org/packages/01/88/a8952b6d5c21e74cbf158515b779666f692846502623e9e3c39d8e8ba25f/llvmlite-0.47.0.tar.gz", hash = "sha256:62031ce968ec74e95092184d4b0e857e444f8fdff0b8f9213707699570c33ccc", size = 193614, upload-time = "2026-03-31T18:29:53.497Z" }
wheels = [
    { url = "https://files.pythonhosted.org/packages/f4/f5/a1bde3aa8c43524b0acaf3f72fb3d80a32dd29dbb42d7dc434f84584cdcc/llvmlite-0.47.0-cp310-cp310-macosx_11_0_arm64.whl", hash = "sha256:41270b0b1310717f717cf6f2a9c68d3c43bd7905c33f003825aebc361d0d1b17", size = 37232772, upload-time = "2026-03-31T18:28:12.198Z" },
    { url = "https://files.pythonhosted.org/packages/7c/fb/76d88fc05ee1f9c1a6efe39eb493c4a727e5d1690412469017cd23bcb776/llvmlite-0.47.0-cp310-cp310-manylinux2014_x86_64.manylinux_2_17_x86_64.whl", hash = "sha256:f9d118bc1dd7623e0e65ca9ac485ec6dd543c3b77bc9928ddc45ebd34e1e30a7", size = 56275179, upload-time = "2026-03-31T18:28:15.725Z" },
    { url = "https://files.pythonhosted.org/packages/4d/08/29da7f36217abd56a0c389ef9a18bea47960826e691ced1a36c92c6ce93c/llvmlite-0.47.0-cp310-cp310-manylinux_2_27_aarch64.manylinux_2_28_aarch64.whl", hash = "sha256:9ea5cfb04a6ab5b18e46be72b41b015975ba5980c4ddb41f1975b83e19031063", size = 55128632, upload-time = "2026-03-31T18:28:19.946Z" },
    { url = "https://files.pythonhosted.org/packages/df/f8/5e12e9ed447d65f04acf6fcf2d79cded2355640b5131a46cee4c99a5949d/llvmlite-0.47.0-cp310-cp310-win_amd64.whl", hash = "sha256:166b896a2262a2039d5fc52df5ee1659bd1ccd081183df7a2fba1b74702dd5ea", size = 38138402, upload-time = "2026-03-31T18:28:23.327Z" },
]

[[package]]
name = "numba"
version = "0.65.1"
source = { registry = "https://pypi.org/simple" }
dependencies = [
    { name = "llvmlite" },
    { name = "numpy" },
]
sdist = { url = "https://files.pythonhosted.org/packages/f6/c5/db2ac3685833d626c0dcae6bd2330cd68433e1fd248d15f70998160d3ad7/numba-0.65.1.tar.gz", hash = "sha256:19357146c32fe9ed25059ab915e8465fb13951cf6b0aace3826b76886373ab23", size = 2765600, upload-time = "2026-04-24T02:02:56.551Z" }
wheels = [
    { url = "https://files.pythonhosted.org/packages/de/1b/3c5a7daf683a95465bf23504bcd1a2d5db8cd5e5e276ca87505d020dffe9/numba-0.65.1-cp310-cp310-macosx_12_0_arm64.whl", hash = "sha256:9d993ed0a257aa4116e6f553f114004bcfdee540c7276ab8ea48f650d514c452", size = 2680870, upload-time = "2026-04-24T02:02:10.623Z" },
    { url = "https://files.pythonhosted.org/packages/0f/a4/1831836814018a898e7d252aebe09c0f3ce1f26d145b68264b4ae0be6822/numba-0.65.1-cp310-cp310-manylinux2014_x86_64.manylinux_2_17_x86_64.whl", hash = "sha256:5f098109f361681e57295f7e84d8ab2426902539a141811de0703ace52826981", size = 3739780, upload-time = "2026-04-24T02:02:13.097Z" },
    { url = "https://files.pythonhosted.org/packages/9c/1b/a813ddc81def09e257d2b1f67521982ce4b06204a87268796ffc8187271c/numba-0.65.1-cp310-cp310-manylinux_2_27_aarch64.manylinux_2_28_aarch64.whl", hash = "sha256:973fd8173f2312815e6b7aaae887c4ce8a817eeff46a4f8840b828305b75bc95", size = 3446722, upload-time = "2026-04-24T02:02:15.083Z" },
    { url = "https://files.pythonhosted.org/packages/09/52/ee1d8b3becda384fe0552221641e05aa668a35e8a77470db4db7f6475000/numba-0.65.1-cp310-cp310-win_amd64.whl", hash = "sha256:c63aa0c4193694026452da55d0ef9d85156c1a7a333454c103bb30dec81b7bf8", size = 2747539, upload-time = "2026-04-24T02:02:16.79Z" },
]

[[package]]
name = "numexpr"
version = "2.14.1"
source = { registry = "https://pypi.org/simple" }
dependencies = [
    { name = "numpy" },
]
sdist = { url = "https://files.pythonhosted.org/packages/cb/2f/fdba158c9dbe5caca9c3eca3eaffffb251f2fb8674bf8e2d0aed5f38d319/numexpr-2.14.1.tar.gz", hash = "sha256:4be00b1086c7b7a5c32e31558122b7b80243fe098579b170967da83f3152b48b", size = 119400, upload-time = "2025-10-13T16:17:27.351Z" }
wheels = [
    { url = "https://files.pythonhosted.org/packages/db/91/ccd504cbe5b88d06987c77f42ba37a13ef05065fdab4afe6dcfeb2961faf/numexpr-2.14.1-cp310-cp310-macosx_10_9_x86_64.whl", hash = "sha256:d0fab3fd06a04f6b86102552b26aa5d85e20ac7d8296c15764c726eeabae6cc8", size = 163200, upload-time = "2025-10-13T16:16:25.47Z" },
    { url = "https://files.pythonhosted.org/packages/f3/89/6b07977baf2af75fb6692f9e7a1fb612a15f600fc921f3f565366de01f4a/numexpr-2.14.1-cp310-cp310-macosx_11_0_arm64.whl", hash = "sha256:64ae5dfd62d74a3ef82fe0b37f80527247f3626171ad82025900f46ffca4b39a", size = 152085, upload-time = "2025-10-13T16:16:29.508Z" },
    { url = "https://files.pythonhosted.org/packages/28/c2/c5775541256c4bf16b4d88fa1cffa74a0126703e513093c8774d911b0bb7/numexpr-2.14.1-cp310-cp310-manylinux_2_27_aarch64.manylinux_2_28_aarch64.whl", hash = "sha256:955c92b064f9074d2970cf3138f5e3b965be673b82024962ed526f39bc25a920", size = 449435, upload-time = "2025-10-13T16:13:16.257Z" },
    { url = "https://files.pythonhosted.org/packages/34/d4/d1a410901c620f7a6a3c5c2b1fc9dab22170be05a89d2c02ae699e27bd3f/numexpr-2.14.1-cp310-cp310-manylinux_2_27_x86_64.manylinux_2_28_x86_64.whl", hash = "sha256:75440c54fc01e130396650fdf307aa9d41a67dc06ddbfb288971b591c13a395b", size = 440197, upload-time = "2025-10-13T16:14:44.109Z" },
    { url = "https://files.pythonhosted.org/packages/ac/c8/fa85f0cc5c39db587ba4927b862a92477c017ee8476e415e8120a100457b/numexpr-2.14.1-cp310-cp310-musllinux_1_2_aarch64.whl", hash = "sha256:dde9fa47ed319e1e1728940a539df3cb78326b7754bc7c6ab3152afc91808f9b", size = 1414125, upload-time = "2025-10-13T16:13:19.882Z" },
    { url = "https://files.pythonhosted.org/packages/08/72/a58ddc05e0eabb3fa8d3fcd319f3d97870e6b41520832acfd04a6734c2c0/numexpr-2.14.1-cp310-cp310-musllinux_1_2_x86_64.whl", hash = "sha256:76db0bc6267e591ab9c4df405ffb533598e4c88239db7338d11ae9e4b368a85a", size = 1463041, upload-time = "2025-10-13T16:14:47.502Z" },
    { url = "https://files.pythonhosted.org/packages/c4/c5/bdd1862302bb71a78dba941eaf7060e1274f1cf6af2d1b0f1880bfcb289b/numexpr-2.14.1-cp310-cp310-win32.whl", hash = "sha256:0d1dcbdc4d0374c0d523cee2f94f06b001623cbc1fd163612841017a3495427c", size = 166833, upload-time = "2025-10-13T16:17:03.543Z" },
    { url = "https://files.pythonhosted.org/packages/18/af/26773a246716922794388786529e5640676399efabb0ee217ce034df9d27/numexpr-2.14.1-cp310-cp310-win_amd64.whl", hash = "sha256:823cd82c8e7937981339f634e7a9c6a92cb2d0b9d0a5cf627a5e394fffc05377", size = 160068, upload-time = "2025-10-13T16:17:05.191Z" },
]

[[package]]
name = "numpy"
version = "1.26.4"
source = { registry = "https://pypi.org/simple" }
sdist = { url = "https://files.pythonhosted.org/packages/65/6e/09db70a523a96d25e115e71cc56a6f9031e7b8cd166c1ac8438307c14058/numpy-1.26.4.tar.gz", hash = "sha256:2a02aba9ed12e4ac4eb3ea9421c420301a0c6460d9830d74a9df87efa4912010", size = 15786129, upload-time = "2024-02-06T00:26:44.495Z" }
wheels = [
    { url = "https://files.pythonhosted.org/packages/a7/94/ace0fdea5241a27d13543ee117cbc65868e82213fb31a8eb7fe9ff23f313/numpy-1.26.4-cp310-cp310-macosx_10_9_x86_64.whl", hash = "sha256:9ff0f4f29c51e2803569d7a51c2304de5554655a60c5d776e35b4a41413830d0", size = 20631468, upload-time = "2024-02-05T23:48:01.194Z" },
    { url = "https://files.pythonhosted.org/packages/20/f7/b24208eba89f9d1b58c1668bc6c8c4fd472b20c45573cb767f59d49fb0f6/numpy-1.26.4-cp310-cp310-macosx_11_0_arm64.whl", hash = "sha256:2e4ee3380d6de9c9ec04745830fd9e2eccb3e6cf790d39d7b98ffd19b0dd754a", size = 13966411, upload-time = "2024-02-05T23:48:29.038Z" },
    { url = "https://files.pythonhosted.org/packages/fc/a5/4beee6488160798683eed5bdb7eead455892c3b4e1f78d79d8d3f3b084ac/numpy-1.26.4-cp310-cp310-manylinux_2_17_aarch64.manylinux2014_aarch64.whl", hash = "sha256:d209d8969599b27ad20994c8e41936ee0964e6da07478d6c35016bc386b66ad4", size = 14219016, upload-time = "2024-02-05T23:48:54.098Z" },
    { url = "https://files.pythonhosted.org/packages/4b/d7/ecf66c1cd12dc28b4040b15ab4d17b773b87fa9d29ca16125de01adb36cd/numpy-1.26.4-cp310-cp310-manylinux_2_17_x86_64.manylinux2014_x86_64.whl", hash = "sha256:ffa75af20b44f8dba823498024771d5ac50620e6915abac414251bd971b4529f", size = 18240889, upload-time = "2024-02-05T23:49:25.361Z" },
    { url = "https://files.pythonhosted.org/packages/24/03/6f229fe3187546435c4f6f89f6d26c129d4f5bed40552899fcf1f0bf9e50/numpy-1.26.4-cp310-cp310-musllinux_1_1_aarch64.whl", hash = "sha256:62b8e4b1e28009ef2846b4c7852046736bab361f7aeadeb6a5b89ebec3c7055a", size = 13876746, upload-time = "2024-02-05T23:49:51.983Z" },
    { url = "https://files.pythonhosted.org/packages/39/fe/39ada9b094f01f5a35486577c848fe274e374bbf8d8f472e1423a0bbd26d/numpy-1.26.4-cp310-cp310-musllinux_1_1_x86_64.whl", hash = "sha256:a4abb4f9001ad2858e7ac189089c42178fcce737e4169dc61321660f1a96c7d2", size = 18078620, upload-time = "2024-02-05T23:50:22.515Z" },
    { url = "https://files.pythonhosted.org/packages/d5/ef/6ad11d51197aad206a9ad2286dc1aac6a378059e06e8cf22cd08ed4f20dc/numpy-1.26.4-cp310-cp310-win32.whl", hash = "sha256:bfe25acf8b437eb2a8b2d49d443800a5f18508cd811fea3181723922a8a82b07", size = 5972659, upload-time = "2024-02-05T23:50:35.834Z" },
    { url = "https://files.pythonhosted.org/packages/19/77/538f202862b9183f54108557bfda67e17603fc560c384559e769321c9d92/numpy-1.26.4-cp310-cp310-win_amd64.whl", hash = "sha256:b97fe8060236edf3662adfc2c633f56a08ae30560c56310562cb4f95500022d5", size = 15808905, upload-time = "2024-02-05T23:51:03.701Z" },
]

[[package]]
name = "packaging"
version = "26.2"
source = { registry = "https://pypi.org/simple" }
sdist = { url = "https://files.pythonhosted.org/packages/d7/f1/e7a6dd94a8d4a5626c03e4e99c87f241ba9e350cd9e6d75123f992427270/packaging-26.2.tar.gz", hash = "sha256:ff452ff5a3e828ce110190feff1178bb1f2ea2281fa2075aadb987c2fb221661", size = 228134, upload-time = "2026-04-24T20:15:23.917Z" }
wheels = [
    { url = "https://files.pythonhosted.org/packages/df/b2/87e62e8c3e2f4b32e5fe99e0b86d576da1312593b39f47d8ceef365e95ed/packaging-26.2-py3-none-any.whl", hash = "sha256:5fc45236b9446107ff2415ce77c807cee2862cb6fac22b8a73826d0693b0980e", size = 100195, upload-time = "2026-04-24T20:15:22.081Z" },
]

[[package]]
name = "pandas"
version = "1.4.4"
source = { registry = "https://pypi.org/simple" }
dependencies = [
    { name = "numpy" },
    { name = "python-dateutil" },
    { name = "pytz" },
]
sdist = { url = "https://files.pythonhosted.org/packages/1a/3f/bba4f9e41fff332415cdb08063b78a53c813aba1ac02887944657bb30911/pandas-1.4.4.tar.gz", hash = "sha256:ab6c0d738617b675183e5f28db32b5148b694ad9bba0a40c3ea26d96b431db67", size = 4949620, upload-time = "2022-08-31T12:22:41.078Z" }
wheels = [
    { url = "https://files.pythonhosted.org/packages/bf/e6/2ad11b8e7d9e294a1b18ae77d12a8d5c04a09ddf9b3b531decf91c997e6a/pandas-1.4.4-cp310-cp310-macosx_10_9_universal2.whl", hash = "sha256:799e6a25932df7e6b1f8dabf63de064e2205dc309abb75956126a0453fd88e97", size = 17714161, upload-time = "2022-08-31T12:18:07.039Z" },
    { url = "https://files.pythonhosted.org/packages/d7/14/8ff04ffc7b3839e388b974ede2b1e81919164d86ce20a6f0196213645bfe/pandas-1.4.4-cp310-cp310-macosx_10_9_x86_64.whl", hash = "sha256:7cd1d69a387f7d5e1a5a06a87574d9ef2433847c0e78113ab51c84d3a8bcaeaa", size = 11462486, upload-time = "2022-08-31T12:18:21.339Z" },
    { url = "https://files.pythonhosted.org/packages/0f/29/b1b0e546affca223467bde08f000c3163a17d80982c0271151ad0a7af3c8/pandas-1.4.4-cp310-cp310-macosx_11_0_arm64.whl", hash = "sha256:94f2ed1fd51e545ebf71da1e942fe1822ee01e10d3dd2a7276d01351333b7c6b", size = 10396625, upload-time = "2022-08-31T12:18:39.968Z" },
    { url = "https://files.pythonhosted.org/packages/91/05/fabf02eeefe2898cee60289963271f627175600abc6ab913c0c60c4a7f68/pandas-1.4.4-cp310-cp310-manylinux_2_17_aarch64.manylinux2014_aarch64.whl", hash = "sha256:4591cadd06fbbbd16fafc2de6e840c1aaefeae3d5864b688004777ef1bbdede3", size = 10924040, upload-time = "2022-08-31T12:18:55.38Z" },
    { url = "https://files.pythonhosted.org/packages/48/0c/a1a3a8b3e3b70c5387dea1cafbc94f7ca7d0d6aa1895babcc2be738cfab9/pandas-1.4.4-cp310-cp310-manylinux_2_17_x86_64.manylinux2014_x86_64.whl", hash = "sha256:d0022fe6a313df1c4869b5edc012d734c6519a6fffa3cf70930f32e6a1078e49", size = 11598917, upload-time = "2022-08-31T12:19:12.35Z" },
    { url = "https://files.pythonhosted.org/packages/4a/5b/d74c7faadceffce80a6fde9823bdfca69b1b6bdc307ce6df5b06e109f210/pandas-1.4.4-cp310-cp310-win_amd64.whl", hash = "sha256:785e878a6e6d8ddcdb8c181e600855402750052497d7fc6d6b508894f6b8830b", size = 9966054, upload-time = "2022-08-31T12:19:25.292Z" },
]

[[package]]
name = "pluggy"
version = "1.6.0"
source = { registry = "https://pypi.org/simple" }
sdist = { url = "https://files.pythonhosted.org/packages/f9/e2/3e91f31a7d2b083fe6ef3fa267035b518369d9511ffab804f839851d2779/pluggy-1.6.0.tar.gz", hash = "sha256:7dcc130b76258d33b90f61b658791dede3486c3e6bfb003ee5c9bfb396dd22f3", size = 69412, upload-time = "2025-05-15T12:30:07.975Z" }
wheels = [
    { url = "https://files.pythonhosted.org/packages/54/20/4d324d65cc6d9205fabedc306948156824eb9f0ee1633355a8f7ec5c66bf/pluggy-1.6.0-py3-none-any.whl", hash = "sha256:e920276dd6813095e9377c0bc5566d94c932c33b27a3e3945d8389c374dd4746", size = 20538, upload-time = "2025-05-15T12:30:06.134Z" },
]

[[package]]
name = "pygments"
version = "2.20.0"
source = { registry = "https://pypi.org/simple" }
sdist = { url = "https://files.pythonhosted.org/packages/c3/b2/bc9c9196916376152d655522fdcebac55e66de6603a76a02bca1b6414f6c/pygments-2.20.0.tar.gz", hash = "sha256:6757cd03768053ff99f3039c1a36d6c0aa0b263438fcab17520b30a303a82b5f", size = 4955991, upload-time = "2026-03-29T13:29:33.898Z" }
wheels = [
    { url = "https://files.pythonhosted.org/packages/f4/7e/a72dd26f3b0f4f2bf1dd8923c85f7ceb43172af56d63c7383eb62b332364/pygments-2.20.0-py3-none-any.whl", hash = "sha256:81a9e26dd42fd28a23a2d169d86d7ac03b46e2f8b59ed4698fb4785f946d0176", size = 1231151, upload-time = "2026-03-29T13:29:30.038Z" },
]

[[package]]
name = "pytest"
version = "9.0.3"
source = { registry = "https://pypi.org/simple" }
dependencies = [
    { name = "colorama", marker = "sys_platform == 'win32'" },
    { name = "exceptiongroup" },
    { name = "iniconfig" },
    { name = "packaging" },
    { name = "pluggy" },
    { name = "pygments" },
    { name = "tomli" },
]
sdist = { url = "https://files.pythonhosted.org/packages/7d/0d/549bd94f1a0a402dc8cf64563a117c0f3765662e2e668477624baeec44d5/pytest-9.0.3.tar.gz", hash = "sha256:b86ada508af81d19edeb213c681b1d48246c1a91d304c6c81a427674c17eb91c", size = 1572165, upload-time = "2026-04-07T17:16:18.027Z" }
wheels = [
    { url = "https://files.pythonhosted.org/packages/d4/24/a372aaf5c9b7208e7112038812994107bc65a84cd00e0354a88c2c77a617/pytest-9.0.3-py3-none-any.whl", hash = "sha256:2c5efc453d45394fdd706ade797c0a81091eccd1d6e4bccfcd476e2b8e0ab5d9", size = 375249, upload-time = "2026-04-07T17:16:16.13Z" },
]

[[package]]
name = "python-dateutil"
version = "2.9.0.post0"
source = { registry = "https://pypi.org/simple" }
dependencies = [
    { name = "six" },
]
sdist = { url = "https://files.pythonhosted.org/packages/66/c0/0c8b6ad9f17a802ee498c46e004a0eb49bc148f2fd230864601a86dcf6db/python-dateutil-2.9.0.post0.tar.gz", hash = "sha256:37dd54208da7e1cd875388217d5e00ebd4179249f90fb72437e91a35459a0ad3", size = 342432, upload-time = "2024-03-01T18:36:20.211Z" }
wheels = [
    { url = "https://files.pythonhosted.org/packages/ec/57/56b9bcc3c9c6a792fcbaf139543cee77261f3651ca9da0c93f5c1221264b/python_dateutil-2.9.0.post0-py2.py3-none-any.whl", hash = "sha256:a8b2bc7bffae282281c8140a97d3aa9c14da0b136dfe83f850eea9a5f7470427", size = 229892, upload-time = "2024-03-01T18:36:18.57Z" },
]

[[package]]
name = "pytz"
version = "2026.2"
source = { registry = "https://pypi.org/simple" }
sdist = { url = "https://files.pythonhosted.org/packages/ff/46/dd499ec9038423421951e4fad73051febaa13d2df82b4064f87af8b8c0c3/pytz-2026.2.tar.gz", hash = "sha256:0e60b47b29f21574376f218fe21abc009894a2321ea16c6754f3cad6eb7cdd6a", size = 320861, upload-time = "2026-05-04T01:35:29.667Z" }
wheels = [
    { url = "https://files.pythonhosted.org/packages/ec/dd/96da98f892250475bdf2328112d7468abdd4acc7b902b6af23f4ed958ea0/pytz-2026.2-py2.py3-none-any.whl", hash = "sha256:04156e608bee23d3792fd45c94ae47fae1036688e75032eea2e3bf0323d1f126", size = 510141, upload-time = "2026-05-04T01:35:27.408Z" },
]

[[package]]
name = "six"
version = "1.17.0"
source = { registry = "https://pypi.org/simple" }
sdist = { url = "https://files.pythonhosted.org/packages/94/e7/b2c673351809dca68a0e064b6af791aa332cf192da575fd474ed7d6f16a2/six-1.17.0.tar.gz", hash = "sha256:ff70335d468e7eb6ec65b95b99d3a2836546063f63acc5171de367e834932a81", size = 34031, upload-time = "2024-12-04T17:35:28.174Z" }
wheels = [
    { url = "https://files.pythonhosted.org/packages/b7/ce/149a00dd41f10bc29e5921b496af8b574d8413afcd5e30dfa0ed46c2cc5e/six-1.17.0-py2.py3-none-any.whl", hash = "sha256:4721f391ed90541fddacab5acf947aa0d3dc7d27b2e1e8eda2be8970586c3274", size = 11050, upload-time = "2024-12-04T17:35:26.475Z" },
]

[[package]]
name = "tomli"
version = "2.4.1"
source = { registry = "https://pypi.org/simple" }
sdist = { url = "https://files.pythonhosted.org/packages/22/de/48c59722572767841493b26183a0d1cc411d54fd759c5607c4590b6563a6/tomli-2.4.1.tar.gz", hash = "sha256:7c7e1a961a0b2f2472c1ac5b69affa0ae1132c39adcb67aba98568702b9cc23f", size = 17543, upload-time = "2026-03-25T20:22:03.828Z" }
wheels = [
    { url = "https://files.pythonhosted.org/packages/7b/61/cceae43728b7de99d9b847560c262873a1f6c98202171fd5ed62640b494b/tomli-2.4.1-py3-none-any.whl", hash = "sha256:0d85819802132122da43cb86656f8d1f8c6587d54ae7dcaf30e90533028b49fe", size = 14583, upload-time = "2026-03-25T20:22:03.012Z" },
]

[[package]]
name = "typing-extensions"
version = "4.15.0"
source = { registry = "https://pypi.org/simple" }
sdist = { url = "https://files.pythonhosted.org/packages/72/94/1a15dd82efb362ac84269196e94cf00f187f7ed21c242792a923cdb1c61f/typing_extensions-4.15.0.tar.gz", hash = "sha256:0cea48d173cc12fa28ecabc3b837ea3cf6f38c6d1136f85cbaaf598984861466", size = 109391, upload-time = "2025-08-25T13:49:26.313Z" }
wheels = [
    { url = "https://files.pythonhosted.org/packages/18/67/36e9267722cc04a6b9f15c7f3441c2363321a3ea07da7ae0c0707beb2a9c/typing_extensions-4.15.0-py3-none-any.whl", hash = "sha256:f0fa19c6845758ab08074a0cfa8b7aecb71c999ca73d62883bc25cc018c4e548", size = 44614, upload-time = "2025-08-25T13:49:24.86Z" },
]

[[package]]
name = "wsp-cheval"
source = { editable = "." }
dependencies = [
    { name = "astor" },
    { name = "attrs" },
    { name = "numba" },
    { name = "numexpr" },
    { name = "numpy" },
    { name = "pandas" },
]

[package.dev-dependencies]
dev = [
    { name = "pytest" },
]

[package.metadata]
requires-dist = [
    { name = "astor" },
    { name = "attrs", specifier = ">=19.3" },
    { name = "numba", specifier = ">=0.48" },
    { name = "numexpr" },
    { name = "numpy", specifier = ">=1.20,<2" },
    { name = "pandas", specifier = ">=0.24,<1.5" },
]

[package.metadata.requires-dev]
dev = [{ name = "pytest", specifier = ">=7.4.4" }]
